
Microsoft Visual Studio Solution File, Format Version 12.00
# Visual Studio 15
VisualStudioVersion = 15.0.26510.0
MinimumVisualStudioVersion = 10.0.40219.1
Project("{9A19103F-16F7-4668-BE54-9A1E7A4F7556}") = "EfCore.NestedSets", "EfCore.NestedSets\EfCore.NestedSets.csproj", "{5FFEF697-D76E-4E5D-B0A7-EA409A10BB6A}"
EndProject
Project("{9A19103F-16F7-4668-BE54-9A1E7A4F7556}") = "EfCore.NestedSets.Tests", "EfCore.NestedSets.Tests\EfCore.NestedSets.Tests.csproj", "{9615236C-606F-4EEA-AF19-4D6CEB527690}"
EndProject
Global
	GlobalSection(SolutionConfigurationPlatforms) = preSolution
		Debug|Any CPU = Debug|Any CPU
		Release|Any CPU = Release|Any CPU
	EndGlobalSection
	GlobalSection(ProjectConfigurationPlatforms) = postSolution
		{5FFEF697-D76E-4E5D-B0A7-EA409A10BB6A}.Debug|Any CPU.ActiveCfg = Debug|Any CPU
		{5FFEF697-D76E-4E5D-B0A7-EA409A10BB6A}.Debug|Any CPU.Build.0 = Debug|Any CPU
		{5FFEF697-D76E-4E5D-B0A7-EA409A10BB6A}.Release|Any CPU.ActiveCfg = Release|Any CPU
		{5FFEF697-D76E-4E5D-B0A7-EA409A10BB6A}.Release|Any CPU.Build.0 = Release|Any CPU
		{9615236C-606F-4EEA-AF19-4D6CEB527690}.Debug|Any CPU.ActiveCfg = Debug|Any CPU
		{9615236C-606F-4EEA-AF19-4D6CEB527690}.Debug|Any CPU.Build.0 = Debug|Any CPU
		{9615236C-606F-4EEA-AF19-4D6CEB527690}.Release|Any CPU.ActiveCfg = Release|Any CPU
		{9615236C-606F-4EEA-AF19-4D6CEB527690}.Release|Any CPU.Build.0 = Release|Any CPU
	EndGlobalSection
	GlobalSection(SolutionProperties) = preSolution
		HideSolutionNode = FALSE
	EndGlobalSection
EndGlobal
